
Microsoft Visual Studio Solution File, Format Version 12.00
# Visual Studio Version 17
VisualStudioVersion = 17.7.34031.279
MinimumVisualStudioVersion = 10.0.40219.1
Project("{FAE04EC0-301F-11D3-BF4B-00C04F79EFBC}") = "PrimeiroProjeto", "PrimeiroProjeto\PrimeiroProjeto.csproj", "{23610A5C-C298-474E-AC37-885D72795EFB}"
EndProject
Global
	GlobalSection(SolutionConfigurationPlatforms) = preSolution
		Debug|Any CPU = Debug|Any CPU
		Release|Any CPU = Release|Any CPU
	EndGlobalSection
	GlobalSection(ProjectConfigurationPlatforms) = postSolution
		{23610A5C-C298-474E-AC37-885D72795EFB}.Debug|Any CPU.ActiveCfg = Debug|Any CPU
		{23610A5C-C298-474E-AC37-885D72795EFB}.Debug|Any CPU.Build.0 = Debug|Any CPU
		{23610A5C-C298-474E-AC37-885D72795EFB}.Release|Any CPU.ActiveCfg = Release|Any CPU
		{23610A5C-C298-474E-AC37-885D72795EFB}.Release|Any CPU.Build.0 = Release|Any CPU
	EndGlobalSection
	GlobalSection(SolutionProperties) = preSolution
		HideSolutionNode = FALSE
	EndGlobalSection
	GlobalSection(ExtensibilityGlobals) = postSolution
		SolutionGuid = {123B54CC-9290-4CEC-BE69-AC7B4D69DC91}
	EndGlobalSection
EndGlobal
